
Microsoft Visual Studio Solution File, Format Version 12.00
# Visual Studio Version 17
VisualStudioVersion = 17.2.32616.157
MinimumVisualStudioVersion = 10.0.40219.1
Project("{8BC9CEB8-8B4A-11D0-8D11-00A0C91BC942}") = "CameraCalibration", "OpenCV\OpenCV.vcxproj", "{9480223C-1BCC-4744-8635-B2B125C42E5E}"
EndProject
Project("{8BC9CEB8-8B4A-11D0-8D11-00A0C91BC942}") = "Vision", "Vision\Vision.vcxproj", "{72E83469-9AB6-4D2C-8F31-F2FEE3FBE06D}"
EndProject
Global
	GlobalSection(SolutionConfigurationPlatforms) = preSolution
		Debug|Any CPU = Debug|Any CPU
		Debug|x64 = Debug|x64
		Debug|x86 = Debug|x86
		Release|Any CPU = Release|Any CPU
		Release|x64 = Release|x64
		Release|x86 = Release|x86
	EndGlobalSection
	GlobalSection(ProjectConfigurationPlatforms) = postSolution
		{9480223C-1BCC-4744-8635-B2B125C42E5E}.Debug|Any CPU.ActiveCfg = Debug|x64
		{9480223C-1BCC-4744-8635-B2B125C42E5E}.Debug|Any CPU.Build.0 = Debug|x64
		{9480223C-1BCC-4744-8635-B2B125C42E5E}.Debug|x64.ActiveCfg = Debug|x64
		{9480223C-1BCC-4744-8635-B2B125C42E5E}.Debug|x64.Build.0 = Debug|x64
		{9480223C-1BCC-4744-8635-B2B125C42E5E}.Debug|x86.ActiveCfg = Debug|Win32
		{9480223C-1BCC-4744-8635-B2B125C42E5E}.Debug|x86.Build.0 = Debug|Win32
		{9480223C-1BCC-4744-8635-B2B125C42E5E}.Release|Any CPU.ActiveCfg = Release|x64
		{9480223C-1BCC-4744-8635-B2B125C42E5E}.Release|Any CPU.Build.0 = Release|x64
		{9480223C-1BCC-4744-8635-B2B125C42E5E}.Release|x64.ActiveCfg = Debug|x64
		{9480223C-1BCC-4744-8635-B2B125C42E5E}.Release|x86.ActiveCfg = Release|Win32
		{9480223C-1BCC-4744-8635-B2B125C42E5E}.Release|x86.Build.0 = Release|Win32
		{72E83469-9AB6-4D2C-8F31-F2FEE3FBE06D}.Debug|Any CPU.ActiveCfg = Debug|x64
		{72E83469-9AB6-4D2C-8F31-F2FEE3FBE06D}.Debug|Any CPU.Build.0 = Debug|x64
		{72E83469-9AB6-4D2C-8F31-F2FEE3FBE06D}.Debug|x64.ActiveCfg = Debug|x64
		{72E83469-9AB6-4D2C-8F31-F2FEE3FBE06D}.Debug|x64.Build.0 = Debug|x64
		{72E83469-9AB6-4D2C-8F31-F2FEE3FBE06D}.Debug|x86.ActiveCfg = Debug|Win32
		{72E83469-9AB6-4D2C-8F31-F2FEE3FBE06D}.Debug|x86.Build.0 = Debug|Win32
		{72E83469-9AB6-4D2C-8F31-F2FEE3FBE06D}.Release|Any CPU.ActiveCfg = Release|x64
		{72E83469-9AB6-4D2C-8F31-F2FEE3FBE06D}.Release|Any CPU.Build.0 = Release|x64
		{72E83469-9AB6-4D2C-8F31-F2FEE3FBE06D}.Release|x64.ActiveCfg = Release|x64
		{72E83469-9AB6-4D2C-8F31-F2FEE3FBE06D}.Release|x64.Build.0 = Release|x64
		{72E83469-9AB6-4D2C-8F31-F2FEE3FBE06D}.Release|x86.ActiveCfg = Release|Win32
		{72E83469-9AB6-4D2C-8F31-F2FEE3FBE06D}.Release|x86.Build.0 = Release|Win32
	EndGlobalSection
	GlobalSection(SolutionProperties) = preSolution
		HideSolutionNode = FALSE
	EndGlobalSection
	GlobalSection(ExtensibilityGlobals) = postSolution
		SolutionGuid = {06E5DAC6-728A-49F7-B387-B2AA35231B37}
	EndGlobalSection
EndGlobal
